
Microsoft Visual Studio Solution File, Format Version 12.00
# Visual Studio Version 17
VisualStudioVersion = 17.10.35013.160
MinimumVisualStudioVersion = 10.0.40219.1
Project("{9A19103F-16F7-4668-BE54-9A1E7A4F7556}") = "WebSite", "WebSite.csproj", "{653D7D5F-ED13-4B65-9405-36358D848461}"
EndProject
Global
	GlobalSection(SolutionConfigurationPlatforms) = preSolution
		Debug|Any CPU = Debug|Any CPU
		Release|Any CPU = Release|Any CPU
	EndGlobalSection
	GlobalSection(ProjectConfigurationPlatforms) = postSolution
		{653D7D5F-ED13-4B65-9405-36358D848461}.Debug|Any CPU.ActiveCfg = Debug|Any CPU
		{653D7D5F-ED13-4B65-9405-36358D848461}.Debug|Any CPU.Build.0 = Debug|Any CPU
		{653D7D5F-ED13-4B65-9405-36358D848461}.Release|Any CPU.ActiveCfg = Release|Any CPU
		{653D7D5F-ED13-4B65-9405-36358D848461}.Release|Any CPU.Build.0 = Release|Any CPU
	EndGlobalSection
	GlobalSection(SolutionProperties) = preSolution
		HideSolutionNode = FALSE
	EndGlobalSection
	GlobalSection(ExtensibilityGlobals) = postSolution
		SolutionGuid = {1902F587-C655-4396-8131-7931079EA435}
	EndGlobalSection
EndGlobal
